{
    "_readme": [
        "This file locks the dependencies of your project to a known state",
        "Read more about it at https://getcomposer.org/doc/01-basic-usage.md#composer-lock-the-lock-file",
        "This file is @generated automatically"
    ],
    "content-hash": "966ded6754395dbd937753cc1475cb18",
    "packages": [
        {
            "name": "gregwar/captcha",
            "version": "v1.1.2",
            "source": {
                "type": "git",
                "url": "https://github.com/Gregwar/Captcha.git",
                "reference": "2f704c8bc3f1bb5f58994af2729e77ac4e3172e6"
            },
            "dist": {
                "type": "zip",
                "url": "https://files.phpcomposer.com/files/Gregwar/Captcha/2f704c8bc3f1bb5f58994af2729e77ac4e3172e6.zip",
                "reference": "2f704c8bc3f1bb5f58994af2729e77ac4e3172e6",
                "shasum": ""
            },
            "require": {
                "ext-gd": "*",
                "php": ">=5.3.0"
            },
            "type": "captcha",
            "autoload": {
                "psr-4": {
                    "Gregwar\\Captcha\\": "/"
                }
            },
            "notification-url": "https://packagist.org/downloads/",
            "license": [
                "MIT"
            ],
            "authors": [
                {
                    "name": "Grégoire Passault",
                    "email": "g.passault@gmail.com",
                    "homepage": "http://www.gregwar.com/"
                },
                {
                    "name": "Jeremy Livingston",
                    "email": "jeremy.j.livingston@gmail.com"
                }
            ],
            "description": "Captcha generator",
            "homepage": "https://github.com/Gregwar/Captcha",
            "keywords": [
                "bot",
                "captcha",
                "spam"
            ],
            "time": "2017-04-19T08:10:55+00:00"
        },
        {
            "name": "workerman/mysql",
            "version": "v1.0.1",
            "source": {
                "type": "git",
                "url": "https://github.com/walkor/mysql.git",
                "reference": "745d62528372e0ca7f1be05f029493b9fce2dc76"
            },
            "dist": {
                "type": "zip",
                "url": "https://files.phpcomposer.com/files/walkor/mysql/745d62528372e0ca7f1be05f029493b9fce2dc76.zip",
                "reference": "745d62528372e0ca7f1be05f029493b9fce2dc76",
                "shasum": ""
            },
            "require": {
                "ext-pdo": "*",
                "ext-pdo_mysql": "*",
                "php": ">=5.3"
            },
            "type": "library",
            "autoload": {
                "psr-4": {
                    "Workerman\\MySQL\\": "./src"
                }
            },
            "notification-url": "https://packagist.org/downloads/",
            "license": [
                "MIT"
            ],
            "description": "Long-living MySQL connection for daemon.",
            "homepage": "http://www.workerman.net",
            "keywords": [
                "mysql",
                "pdo",
                "pdo_mysql"
            ],
            "time": "2017-03-18T01:48:33+00:00"
        }
    ],
    "packages-dev": [],
    "aliases": [],
    "minimum-stability": "stable",
    "stability-flags": [],
    "prefer-stable": false,
    "prefer-lowest": false,
    "platform": [],
    "platform-dev": []
}
